
Microsoft Visual Studio Solution File, Format Version 12.00
# Visual Studio Version 17
VisualStudioVersion = 17.4.33122.133
MinimumVisualStudioVersion = 10.0.40219.1
Project("{FAE04EC0-301F-11D3-BF4B-00C04F79EFBC}") = "FlowControl", "FlowControl.csproj", "{EE3BE75B-7B61-4DB8-A1BB-C288FD7E6075}"
EndProject
Global
	GlobalSection(SolutionConfigurationPlatforms) = preSolution
		Debug|Any CPU = Debug|Any CPU
		Release|Any CPU = Release|Any CPU
	EndGlobalSection
	GlobalSection(ProjectConfigurationPlatforms) = postSolution
		{EE3BE75B-7B61-4DB8-A1BB-C288FD7E6075}.Debug|Any CPU.ActiveCfg = Debug|Any CPU
		{EE3BE75B-7B61-4DB8-A1BB-C288FD7E6075}.Debug|Any CPU.Build.0 = Debug|Any CPU
		{EE3BE75B-7B61-4DB8-A1BB-C288FD7E6075}.Release|Any CPU.ActiveCfg = Release|Any CPU
		{EE3BE75B-7B61-4DB8-A1BB-C288FD7E6075}.Release|Any CPU.Build.0 = Release|Any CPU
	EndGlobalSection
	GlobalSection(SolutionProperties) = preSolution
		HideSolutionNode = FALSE
	EndGlobalSection
	GlobalSection(ExtensibilityGlobals) = postSolution
		SolutionGuid = {5519BB1A-DD59-4EED-BA09-ED4113764865}
	EndGlobalSection
EndGlobal
