
Microsoft Visual Studio Solution File, Format Version 12.00
# Visual Studio Version 17
VisualStudioVersion = 17.4.33213.308
MinimumVisualStudioVersion = 10.0.40219.1
Project("{FAE04EC0-301F-11D3-BF4B-00C04F79EFBC}") = "ReduxWithReact", "ReduxWithReact\ReduxWithReact.csproj", "{9CD34EB2-891E-4E24-A4BA-536E807978D8}"
EndProject
Global
	GlobalSection(SolutionConfigurationPlatforms) = preSolution
		Debug|Any CPU = Debug|Any CPU
		Release|Any CPU = Release|Any CPU
	EndGlobalSection
	GlobalSection(ProjectConfigurationPlatforms) = postSolution
		{9CD34EB2-891E-4E24-A4BA-536E807978D8}.Debug|Any CPU.ActiveCfg = Debug|Any CPU
		{9CD34EB2-891E-4E24-A4BA-536E807978D8}.Debug|Any CPU.Build.0 = Debug|Any CPU
		{9CD34EB2-891E-4E24-A4BA-536E807978D8}.Release|Any CPU.ActiveCfg = Release|Any CPU
		{9CD34EB2-891E-4E24-A4BA-536E807978D8}.Release|Any CPU.Build.0 = Release|Any CPU
	EndGlobalSection
	GlobalSection(SolutionProperties) = preSolution
		HideSolutionNode = FALSE
	EndGlobalSection
	GlobalSection(ExtensibilityGlobals) = postSolution
		SolutionGuid = {D8EE468D-D9B8-4120-8C3F-039A3F1AA8DD}
	EndGlobalSection
EndGlobal
