
Microsoft Visual Studio Solution File, Format Version 12.00
# Visual Studio Version 17
VisualStudioVersion = 17.4.33122.133
MinimumVisualStudioVersion = 10.0.40219.1
Project("{FAE04EC0-301F-11D3-BF4B-00C04F79EFBC}") = "Operators", "Operators.csproj", "{AFB565D3-9E6A-408F-9109-BA9EAB1C3D43}"
EndProject
Global
	GlobalSection(SolutionConfigurationPlatforms) = preSolution
		Debug|Any CPU = Debug|Any CPU
		Release|Any CPU = Release|Any CPU
	EndGlobalSection
	GlobalSection(ProjectConfigurationPlatforms) = postSolution
		{AFB565D3-9E6A-408F-9109-BA9EAB1C3D43}.Debug|Any CPU.ActiveCfg = Debug|Any CPU
		{AFB565D3-9E6A-408F-9109-BA9EAB1C3D43}.Debug|Any CPU.Build.0 = Debug|Any CPU
		{AFB565D3-9E6A-408F-9109-BA9EAB1C3D43}.Release|Any CPU.ActiveCfg = Release|Any CPU
		{AFB565D3-9E6A-408F-9109-BA9EAB1C3D43}.Release|Any CPU.Build.0 = Release|Any CPU
	EndGlobalSection
	GlobalSection(SolutionProperties) = preSolution
		HideSolutionNode = FALSE
	EndGlobalSection
	GlobalSection(ExtensibilityGlobals) = postSolution
		SolutionGuid = {BBEB9B9A-61A6-4471-9997-546D4A3E9617}
	EndGlobalSection
EndGlobal
