
Microsoft Visual Studio Solution File, Format Version 12.00
# Visual Studio Version 17
VisualStudioVersion = 17.4.33122.133
MinimumVisualStudioVersion = 10.0.40219.1
Project("{9A19103F-16F7-4668-BE54-9A1E7A4F7556}") = "AbbyWeb", "AbbyWeb.csproj", "{BE6510F5-90CC-4762-8452-1648718D969E}"
EndProject
Global
	GlobalSection(SolutionConfigurationPlatforms) = preSolution
		Debug|Any CPU = Debug|Any CPU
		Release|Any CPU = Release|Any CPU
	EndGlobalSection
	GlobalSection(ProjectConfigurationPlatforms) = postSolution
		{BE6510F5-90CC-4762-8452-1648718D969E}.Debug|Any CPU.ActiveCfg = Debug|Any CPU
		{BE6510F5-90CC-4762-8452-1648718D969E}.Debug|Any CPU.Build.0 = Debug|Any CPU
		{BE6510F5-90CC-4762-8452-1648718D969E}.Release|Any CPU.ActiveCfg = Release|Any CPU
		{BE6510F5-90CC-4762-8452-1648718D969E}.Release|Any CPU.Build.0 = Release|Any CPU
	EndGlobalSection
	GlobalSection(SolutionProperties) = preSolution
		HideSolutionNode = FALSE
	EndGlobalSection
	GlobalSection(ExtensibilityGlobals) = postSolution
		SolutionGuid = {77232D94-6B9C-437E-A6CA-0929D5CE4DC1}
	EndGlobalSection
EndGlobal
