
Microsoft Visual Studio Solution File, Format Version 12.00
# Visual Studio Version 17
VisualStudioVersion = 17.4.33122.133
MinimumVisualStudioVersion = 10.0.40219.1
Project("{FAE04EC0-301F-11D3-BF4B-00C04F79EFBC}") = "WpfApp1", "WpfApp1.csproj", "{B5159E07-1AA4-4B5E-9275-C43CF52BEBF3}"
EndProject
Global
	GlobalSection(SolutionConfigurationPlatforms) = preSolution
		Debug|Any CPU = Debug|Any CPU
		Release|Any CPU = Release|Any CPU
	EndGlobalSection
	GlobalSection(ProjectConfigurationPlatforms) = postSolution
		{B5159E07-1AA4-4B5E-9275-C43CF52BEBF3}.Debug|Any CPU.ActiveCfg = Debug|Any CPU
		{B5159E07-1AA4-4B5E-9275-C43CF52BEBF3}.Debug|Any CPU.Build.0 = Debug|Any CPU
		{B5159E07-1AA4-4B5E-9275-C43CF52BEBF3}.Release|Any CPU.ActiveCfg = Release|Any CPU
		{B5159E07-1AA4-4B5E-9275-C43CF52BEBF3}.Release|Any CPU.Build.0 = Release|Any CPU
	EndGlobalSection
	GlobalSection(SolutionProperties) = preSolution
		HideSolutionNode = FALSE
	EndGlobalSection
	GlobalSection(ExtensibilityGlobals) = postSolution
		SolutionGuid = {035A5E3C-E9D1-49C7-80BB-9DDE69139ED9}
	EndGlobalSection
EndGlobal
