
Microsoft Visual Studio Solution File, Format Version 12.00
# Visual Studio Version 17
VisualStudioVersion = 17.4.33213.308
MinimumVisualStudioVersion = 10.0.40219.1
Project("{FAE04EC0-301F-11D3-BF4B-00C04F79EFBC}") = "ExcelReadWithOleDbDemo", "ExcelReadWithOleDbDemo\ExcelReadWithOleDbDemo.csproj", "{D7005397-F0B6-4F34-8DAA-172E4A307E00}"
EndProject
Global
	GlobalSection(SolutionConfigurationPlatforms) = preSolution
		Debug|Any CPU = Debug|Any CPU
		Release|Any CPU = Release|Any CPU
	EndGlobalSection
	GlobalSection(ProjectConfigurationPlatforms) = postSolution
		{D7005397-F0B6-4F34-8DAA-172E4A307E00}.Debug|Any CPU.ActiveCfg = Debug|Any CPU
		{D7005397-F0B6-4F34-8DAA-172E4A307E00}.Debug|Any CPU.Build.0 = Debug|Any CPU
		{D7005397-F0B6-4F34-8DAA-172E4A307E00}.Release|Any CPU.ActiveCfg = Release|Any CPU
		{D7005397-F0B6-4F34-8DAA-172E4A307E00}.Release|Any CPU.Build.0 = Release|Any CPU
	EndGlobalSection
	GlobalSection(SolutionProperties) = preSolution
		HideSolutionNode = FALSE
	EndGlobalSection
	GlobalSection(ExtensibilityGlobals) = postSolution
		SolutionGuid = {10102A92-EAB0-44B7-A8C3-4A4E42034729}
	EndGlobalSection
EndGlobal
