
Microsoft Visual Studio Solution File, Format Version 12.00
# Visual Studio Version 17
VisualStudioVersion = 17.4.33122.133
MinimumVisualStudioVersion = 10.0.40219.1
Project("{FAE04EC0-301F-11D3-BF4B-00C04F79EFBC}") = "DatabaseWithForms", "DatabaseWithForms.csproj", "{221EDBA9-443E-4651-962C-0399C30F7D51}"
EndProject
Global
	GlobalSection(SolutionConfigurationPlatforms) = preSolution
		Debug|Any CPU = Debug|Any CPU
		Release|Any CPU = Release|Any CPU
	EndGlobalSection
	GlobalSection(ProjectConfigurationPlatforms) = postSolution
		{221EDBA9-443E-4651-962C-0399C30F7D51}.Debug|Any CPU.ActiveCfg = Debug|Any CPU
		{221EDBA9-443E-4651-962C-0399C30F7D51}.Debug|Any CPU.Build.0 = Debug|Any CPU
		{221EDBA9-443E-4651-962C-0399C30F7D51}.Release|Any CPU.ActiveCfg = Release|Any CPU
		{221EDBA9-443E-4651-962C-0399C30F7D51}.Release|Any CPU.Build.0 = Release|Any CPU
	EndGlobalSection
	GlobalSection(SolutionProperties) = preSolution
		HideSolutionNode = FALSE
	EndGlobalSection
	GlobalSection(ExtensibilityGlobals) = postSolution
		SolutionGuid = {0C5FD664-DE54-4FD2-8502-42D06CAD8209}
	EndGlobalSection
EndGlobal
