
Microsoft Visual Studio Solution File, Format Version 12.00
# Visual Studio Version 17
VisualStudioVersion = 17.4.33213.308
MinimumVisualStudioVersion = 10.0.40219.1
Project("{FAE04EC0-301F-11D3-BF4B-00C04F79EFBC}") = "DB2DB", "DB2DB\DB2DB.csproj", "{9E4ABC76-D664-4CF6-90A8-D4EBB1D60C0F}"
EndProject
Global
	GlobalSection(SolutionConfigurationPlatforms) = preSolution
		Debug|Any CPU = Debug|Any CPU
		Release|Any CPU = Release|Any CPU
	EndGlobalSection
	GlobalSection(ProjectConfigurationPlatforms) = postSolution
		{9E4ABC76-D664-4CF6-90A8-D4EBB1D60C0F}.Debug|Any CPU.ActiveCfg = Debug|Any CPU
		{9E4ABC76-D664-4CF6-90A8-D4EBB1D60C0F}.Debug|Any CPU.Build.0 = Debug|Any CPU
		{9E4ABC76-D664-4CF6-90A8-D4EBB1D60C0F}.Release|Any CPU.ActiveCfg = Release|Any CPU
		{9E4ABC76-D664-4CF6-90A8-D4EBB1D60C0F}.Release|Any CPU.Build.0 = Release|Any CPU
	EndGlobalSection
	GlobalSection(SolutionProperties) = preSolution
		HideSolutionNode = FALSE
	EndGlobalSection
	GlobalSection(ExtensibilityGlobals) = postSolution
		SolutionGuid = {90361298-F53D-4EBC-AB3F-CD65EEDB2787}
	EndGlobalSection
EndGlobal
