
Microsoft Visual Studio Solution File, Format Version 12.00
# Visual Studio Version 17
VisualStudioVersion = 17.4.33122.133
MinimumVisualStudioVersion = 10.0.40219.1
Project("{FAE04EC0-301F-11D3-BF4B-00C04F79EFBC}") = "PdfCreatorDemoNET", "PdfCreatorDemoNET.csproj", "{3487FA8C-4DA7-495F-8DB8-01F4F07D633E}"
EndProject
Project("{FAE04EC0-301F-11D3-BF4B-00C04F79EFBC}") = "ReceiptPrintConfig", "..\ReceiptPrintConfig\ReceiptPrintConfig.csproj", "{07CF9EAB-937E-4FA6-9A78-CB9528B62172}"
EndProject
Global
	GlobalSection(SolutionConfigurationPlatforms) = preSolution
		Debug|Any CPU = Debug|Any CPU
		Release|Any CPU = Release|Any CPU
	EndGlobalSection
	GlobalSection(ProjectConfigurationPlatforms) = postSolution
		{3487FA8C-4DA7-495F-8DB8-01F4F07D633E}.Debug|Any CPU.ActiveCfg = Debug|Any CPU
		{3487FA8C-4DA7-495F-8DB8-01F4F07D633E}.Debug|Any CPU.Build.0 = Debug|Any CPU
		{3487FA8C-4DA7-495F-8DB8-01F4F07D633E}.Release|Any CPU.ActiveCfg = Release|Any CPU
		{3487FA8C-4DA7-495F-8DB8-01F4F07D633E}.Release|Any CPU.Build.0 = Release|Any CPU
		{07CF9EAB-937E-4FA6-9A78-CB9528B62172}.Debug|Any CPU.ActiveCfg = Debug|Any CPU
		{07CF9EAB-937E-4FA6-9A78-CB9528B62172}.Debug|Any CPU.Build.0 = Debug|Any CPU
		{07CF9EAB-937E-4FA6-9A78-CB9528B62172}.Release|Any CPU.ActiveCfg = Release|Any CPU
		{07CF9EAB-937E-4FA6-9A78-CB9528B62172}.Release|Any CPU.Build.0 = Release|Any CPU
	EndGlobalSection
	GlobalSection(SolutionProperties) = preSolution
		HideSolutionNode = FALSE
	EndGlobalSection
	GlobalSection(ExtensibilityGlobals) = postSolution
		SolutionGuid = {3B064018-70C0-4AED-A2D4-8BE96A031D7E}
	EndGlobalSection
EndGlobal
