
Microsoft Visual Studio Solution File, Format Version 12.00
# Visual Studio Version 17
VisualStudioVersion = 17.4.33122.133
MinimumVisualStudioVersion = 10.0.40219.1
Project("{FAE04EC0-301F-11D3-BF4B-00C04F79EFBC}") = "AccessModifiers", "AccessModifiers.csproj", "{2404F6A9-546C-4BFC-942E-71B4D8639160}"
EndProject
Global
	GlobalSection(SolutionConfigurationPlatforms) = preSolution
		Debug|Any CPU = Debug|Any CPU
		Release|Any CPU = Release|Any CPU
	EndGlobalSection
	GlobalSection(ProjectConfigurationPlatforms) = postSolution
		{2404F6A9-546C-4BFC-942E-71B4D8639160}.Debug|Any CPU.ActiveCfg = Debug|Any CPU
		{2404F6A9-546C-4BFC-942E-71B4D8639160}.Debug|Any CPU.Build.0 = Debug|Any CPU
		{2404F6A9-546C-4BFC-942E-71B4D8639160}.Release|Any CPU.ActiveCfg = Release|Any CPU
		{2404F6A9-546C-4BFC-942E-71B4D8639160}.Release|Any CPU.Build.0 = Release|Any CPU
	EndGlobalSection
	GlobalSection(SolutionProperties) = preSolution
		HideSolutionNode = FALSE
	EndGlobalSection
	GlobalSection(ExtensibilityGlobals) = postSolution
		SolutionGuid = {89A02ECB-280D-44FD-959A-B7FA9F27CC37}
	EndGlobalSection
EndGlobal
