
Microsoft Visual Studio Solution File, Format Version 12.00
# Visual Studio Version 17
VisualStudioVersion = 17.4.33213.308
MinimumVisualStudioVersion = 10.0.40219.1
Project("{FAE04EC0-301F-11D3-BF4B-00C04F79EFBC}") = "Stori-Redux", "Stori-Redux\Stori-Redux.csproj", "{270185A3-37B3-4B42-9377-9A23AD590380}"
EndProject
Global
	GlobalSection(SolutionConfigurationPlatforms) = preSolution
		Debug|Any CPU = Debug|Any CPU
		Release|Any CPU = Release|Any CPU
	EndGlobalSection
	GlobalSection(ProjectConfigurationPlatforms) = postSolution
		{270185A3-37B3-4B42-9377-9A23AD590380}.Debug|Any CPU.ActiveCfg = Debug|Any CPU
		{270185A3-37B3-4B42-9377-9A23AD590380}.Debug|Any CPU.Build.0 = Debug|Any CPU
		{270185A3-37B3-4B42-9377-9A23AD590380}.Release|Any CPU.ActiveCfg = Release|Any CPU
		{270185A3-37B3-4B42-9377-9A23AD590380}.Release|Any CPU.Build.0 = Release|Any CPU
	EndGlobalSection
	GlobalSection(SolutionProperties) = preSolution
		HideSolutionNode = FALSE
	EndGlobalSection
	GlobalSection(ExtensibilityGlobals) = postSolution
		SolutionGuid = {1D077682-59D3-4554-9A97-E2DB67281FCD}
	EndGlobalSection
EndGlobal
