
Microsoft Visual Studio Solution File, Format Version 12.00
# Visual Studio Version 17
VisualStudioVersion = 17.4.33122.133
MinimumVisualStudioVersion = 10.0.40219.1
Project("{FAE04EC0-301F-11D3-BF4B-00C04F79EFBC}") = "AccessDBDemo", "AccessDBDemo.csproj", "{93C0F7FF-1183-44C0-BCD5-1528DF03C242}"
EndProject
Global
	GlobalSection(SolutionConfigurationPlatforms) = preSolution
		Debug|Any CPU = Debug|Any CPU
		Release|Any CPU = Release|Any CPU
	EndGlobalSection
	GlobalSection(ProjectConfigurationPlatforms) = postSolution
		{93C0F7FF-1183-44C0-BCD5-1528DF03C242}.Debug|Any CPU.ActiveCfg = Debug|Any CPU
		{93C0F7FF-1183-44C0-BCD5-1528DF03C242}.Debug|Any CPU.Build.0 = Debug|Any CPU
		{93C0F7FF-1183-44C0-BCD5-1528DF03C242}.Release|Any CPU.ActiveCfg = Release|Any CPU
		{93C0F7FF-1183-44C0-BCD5-1528DF03C242}.Release|Any CPU.Build.0 = Release|Any CPU
	EndGlobalSection
	GlobalSection(SolutionProperties) = preSolution
		HideSolutionNode = FALSE
	EndGlobalSection
	GlobalSection(ExtensibilityGlobals) = postSolution
		SolutionGuid = {DB0B4879-BD4D-4DE2-891E-218EE576AFB2}
	EndGlobalSection
EndGlobal
