
Microsoft Visual Studio Solution File, Format Version 12.00
# Visual Studio Version 17
VisualStudioVersion = 17.4.33122.133
MinimumVisualStudioVersion = 10.0.40219.1
Project("{FAE04EC0-301F-11D3-BF4B-00C04F79EFBC}") = "Variables", "Variables.csproj", "{2B157381-6259-454C-9481-8BFA7D2ED8FF}"
EndProject
Global
	GlobalSection(SolutionConfigurationPlatforms) = preSolution
		Debug|Any CPU = Debug|Any CPU
		Release|Any CPU = Release|Any CPU
	EndGlobalSection
	GlobalSection(ProjectConfigurationPlatforms) = postSolution
		{2B157381-6259-454C-9481-8BFA7D2ED8FF}.Debug|Any CPU.ActiveCfg = Debug|Any CPU
		{2B157381-6259-454C-9481-8BFA7D2ED8FF}.Debug|Any CPU.Build.0 = Debug|Any CPU
		{2B157381-6259-454C-9481-8BFA7D2ED8FF}.Release|Any CPU.ActiveCfg = Release|Any CPU
		{2B157381-6259-454C-9481-8BFA7D2ED8FF}.Release|Any CPU.Build.0 = Release|Any CPU
	EndGlobalSection
	GlobalSection(SolutionProperties) = preSolution
		HideSolutionNode = FALSE
	EndGlobalSection
	GlobalSection(ExtensibilityGlobals) = postSolution
		SolutionGuid = {E55059D0-7A47-4AB1-ADFB-ADF9C6C12306}
	EndGlobalSection
EndGlobal
