
Microsoft Visual Studio Solution File, Format Version 12.00
# Visual Studio Version 17
VisualStudioVersion = 17.4.33122.133
MinimumVisualStudioVersion = 10.0.40219.1
Project("{FAE04EC0-301F-11D3-BF4B-00C04F79EFBC}") = "PatternFasade", "PatternFasade.csproj", "{E2073378-3FB9-4F62-B790-CF589F7C6DD1}"
EndProject
Global
	GlobalSection(SolutionConfigurationPlatforms) = preSolution
		Debug|Any CPU = Debug|Any CPU
		Release|Any CPU = Release|Any CPU
	EndGlobalSection
	GlobalSection(ProjectConfigurationPlatforms) = postSolution
		{E2073378-3FB9-4F62-B790-CF589F7C6DD1}.Debug|Any CPU.ActiveCfg = Debug|Any CPU
		{E2073378-3FB9-4F62-B790-CF589F7C6DD1}.Debug|Any CPU.Build.0 = Debug|Any CPU
		{E2073378-3FB9-4F62-B790-CF589F7C6DD1}.Release|Any CPU.ActiveCfg = Release|Any CPU
		{E2073378-3FB9-4F62-B790-CF589F7C6DD1}.Release|Any CPU.Build.0 = Release|Any CPU
	EndGlobalSection
	GlobalSection(SolutionProperties) = preSolution
		HideSolutionNode = FALSE
	EndGlobalSection
	GlobalSection(ExtensibilityGlobals) = postSolution
		SolutionGuid = {359DEA5A-F345-4408-B088-7A68BC690DFC}
	EndGlobalSection
EndGlobal
