
Microsoft Visual Studio Solution File, Format Version 12.00
# Visual Studio Version 17
VisualStudioVersion = 17.4.33213.308
MinimumVisualStudioVersion = 10.0.40219.1
Project("{FAE04EC0-301F-11D3-BF4B-00C04F79EFBC}") = "ScreenMirroringConnection", "ScreenMirroringConnection\ScreenMirroringConnection.csproj", "{86AEEFD2-A41D-41C5-8FB4-3BCE25885858}"
EndProject
Global
	GlobalSection(SolutionConfigurationPlatforms) = preSolution
		Debug|Any CPU = Debug|Any CPU
		Release|Any CPU = Release|Any CPU
	EndGlobalSection
	GlobalSection(ProjectConfigurationPlatforms) = postSolution
		{86AEEFD2-A41D-41C5-8FB4-3BCE25885858}.Debug|Any CPU.ActiveCfg = Debug|Any CPU
		{86AEEFD2-A41D-41C5-8FB4-3BCE25885858}.Debug|Any CPU.Build.0 = Debug|Any CPU
		{86AEEFD2-A41D-41C5-8FB4-3BCE25885858}.Release|Any CPU.ActiveCfg = Release|Any CPU
		{86AEEFD2-A41D-41C5-8FB4-3BCE25885858}.Release|Any CPU.Build.0 = Release|Any CPU
	EndGlobalSection
	GlobalSection(SolutionProperties) = preSolution
		HideSolutionNode = FALSE
	EndGlobalSection
	GlobalSection(ExtensibilityGlobals) = postSolution
		SolutionGuid = {C0939EFC-1F19-44D3-BF3B-9B165DAA8A45}
	EndGlobalSection
EndGlobal
